
Microsoft Visual Studio Solution File, Format Version 12.00
# Visual Studio Version 17
VisualStudioVersion = 17.0.32014.148
MinimumVisualStudioVersion = 10.0.40219.1
Project("{9A19103F-16F7-4668-BE54-9A1E7A4F7556}") = "GUI", "GUI\GUI.csproj", "{6FC339BE-03E7-44FB-BACF-DA340EAF7728}"
	ProjectSection(ProjectDependencies) = postProject
		{361EF06B-AF8B-434B-AB56-359DE257D96D} = {361EF06B-AF8B-434B-AB56-359DE257D96D}
		{9C758679-5208-4485-B42E-6186FB439A96} = {9C758679-5208-4485-B42E-6186FB439A96}
		{B5C56D8E-AFE7-46E2-A1D5-495375A95BD4} = {B5C56D8E-AFE7-46E2-A1D5-495375A95BD4}
	EndProjectSection
EndProject
Project("{9A19103F-16F7-4668-BE54-9A1E7A4F7556}") = "Factorizator", "Factorizator\Factorizator.csproj", "{B5C56D8E-AFE7-46E2-A1D5-495375A95BD4}"
EndProject
Project("{9A19103F-16F7-4668-BE54-9A1E7A4F7556}") = "VPE", "VPE\VPE.csproj", "{361EF06B-AF8B-434B-AB56-359DE257D96D}"
EndProject
Project("{9A19103F-16F7-4668-BE54-9A1E7A4F7556}") = "NeueDT", "NeueDT\NeueDT.csproj", "{9C758679-5208-4485-B42E-6186FB439A96}"
EndProject
Project("{FAE04EC0-301F-11D3-BF4B-00C04F79EFBC}") = "DTcalc", "DTcalc\DTcalc.csproj", "{F79BE331-0DF7-487C-82B6-F5C5A1BE5AE5}"
EndProject
Global
	GlobalSection(SolutionConfigurationPlatforms) = preSolution
		Debug|Any CPU = Debug|Any CPU
		Release|Any CPU = Release|Any CPU
	EndGlobalSection
	GlobalSection(ProjectConfigurationPlatforms) = postSolution
		{6FC339BE-03E7-44FB-BACF-DA340EAF7728}.Debug|Any CPU.ActiveCfg = Debug|Any CPU
		{6FC339BE-03E7-44FB-BACF-DA340EAF7728}.Debug|Any CPU.Build.0 = Debug|Any CPU
		{6FC339BE-03E7-44FB-BACF-DA340EAF7728}.Release|Any CPU.ActiveCfg = Release|Any CPU
		{6FC339BE-03E7-44FB-BACF-DA340EAF7728}.Release|Any CPU.Build.0 = Release|Any CPU
		{B5C56D8E-AFE7-46E2-A1D5-495375A95BD4}.Debug|Any CPU.ActiveCfg = Debug|Any CPU
		{B5C56D8E-AFE7-46E2-A1D5-495375A95BD4}.Debug|Any CPU.Build.0 = Debug|Any CPU
		{B5C56D8E-AFE7-46E2-A1D5-495375A95BD4}.Release|Any CPU.ActiveCfg = Release|Any CPU
		{B5C56D8E-AFE7-46E2-A1D5-495375A95BD4}.Release|Any CPU.Build.0 = Release|Any CPU
		{361EF06B-AF8B-434B-AB56-359DE257D96D}.Debug|Any CPU.ActiveCfg = Debug|Any CPU
		{361EF06B-AF8B-434B-AB56-359DE257D96D}.Debug|Any CPU.Build.0 = Debug|Any CPU
		{361EF06B-AF8B-434B-AB56-359DE257D96D}.Release|Any CPU.ActiveCfg = Release|Any CPU
		{361EF06B-AF8B-434B-AB56-359DE257D96D}.Release|Any CPU.Build.0 = Release|Any CPU
		{9C758679-5208-4485-B42E-6186FB439A96}.Debug|Any CPU.ActiveCfg = Debug|Any CPU
		{9C758679-5208-4485-B42E-6186FB439A96}.Debug|Any CPU.Build.0 = Debug|Any CPU
		{9C758679-5208-4485-B42E-6186FB439A96}.Release|Any CPU.ActiveCfg = Release|Any CPU
		{9C758679-5208-4485-B42E-6186FB439A96}.Release|Any CPU.Build.0 = Release|Any CPU
		{F79BE331-0DF7-487C-82B6-F5C5A1BE5AE5}.Debug|Any CPU.ActiveCfg = Debug|Any CPU
		{F79BE331-0DF7-487C-82B6-F5C5A1BE5AE5}.Debug|Any CPU.Build.0 = Debug|Any CPU
		{F79BE331-0DF7-487C-82B6-F5C5A1BE5AE5}.Release|Any CPU.ActiveCfg = Release|Any CPU
		{F79BE331-0DF7-487C-82B6-F5C5A1BE5AE5}.Release|Any CPU.Build.0 = Release|Any CPU
	EndGlobalSection
	GlobalSection(SolutionProperties) = preSolution
		HideSolutionNode = FALSE
	EndGlobalSection
	GlobalSection(ExtensibilityGlobals) = postSolution
		SolutionGuid = {4F65D5A6-30EB-4ED8-8BDA-E99042799C98}
	EndGlobalSection
EndGlobal
